// !$*UTF8*$!
{
	archiveVersion = 1;
	classes = {
	};
	objectVersion = 46;
	objects = {

/* Begin PBXBuildFile section */
		212B82CA1DF771BE002DD93F /* AppDelegate.swift in Sources */ = {isa = PBXBuildFile; fileRef = 212B82C91DF771BE002DD93F /* AppDelegate.swift */; };
		212B82CC1DF771BF002DD93F /* LoginVC.swift in Sources */ = {isa = PBXBuildFile; fileRef = 212B82CB1DF771BF002DD93F /* LoginVC.swift */; };
		212B82CF1DF771BF002DD93F /* Main.storyboard in Resources */ = {isa = PBXBuildFile; fileRef = 212B82CD1DF771BF002DD93F /* Main.storyboard */; };
		212B82D11DF771BF002DD93F /* Assets.xcassets in Resources */ = {isa = PBXBuildFile; fileRef = 212B82D01DF771BF002DD93F /* Assets.xcassets */; };
		212B82D41DF771BF002DD93F /* LaunchScreen.storyboard in Resources */ = {isa = PBXBuildFile; fileRef = 212B82D21DF771BF002DD93F /* LaunchScreen.storyboard */; };
		212B82DC1DF77E6F002DD93F /* MusicListVC.swift in Sources */ = {isa = PBXBuildFile; fileRef = 212B82DB1DF77E6F002DD93F /* MusicListVC.swift */; };
/* End PBXBuildFile section */

/* Begin PBXFileReference section */
		212B82C61DF771BE002DD93F /* Segues.app */ = {isa = PBXFileReference; explicitFileType = wrapper.application; includeInIndex = 0; path = Segues.app; sourceTree = BUILT_PRODUCTS_DIR; };
		212B82C91DF771BE002DD93F /* AppDelegate.swift */ = {isa = PBXFileReference; lastKnownFileType = sourcecode.swift; path = AppDelegate.swift; sourceTree = "<group>"; };
		212B82CB1DF771BF002DD93F /* LoginVC.swift */ = {isa = PBXFileReference; lastKnownFileType = sourcecode.swift; path = LoginVC.swift; sourceTree = "<group>"; };
		212B82CE1DF771BF002DD93F /* Base */ = {isa = PBXFileReference; lastKnownFileType = file.storyboard; name = Base; path = Base.lproj/Main.storyboard; sourceTree = "<group>"; };
		212B82D01DF771BF002DD93F /* Assets.xcassets */ = {isa = PBXFileReference; lastKnownFileType = folder.assetcatalog; path = Assets.xcassets; sourceTree = "<group>"; };
		212B82D31DF771BF002DD93F /* Base */ = {isa = PBXFileReference; lastKnownFileType = file.storyboard; name = Base; path = Base.lproj/LaunchScreen.storyboard; sourceTree = "<group>"; };
		212B82D51DF771BF002DD93F /* Info.plist */ = {isa = PBXFileReference; lastKnownFileType = text.plist.xml; path = Info.plist; sourceTree = "<group>"; };
		212B82DB1DF77E6F002DD93F /* MusicListVC.swift */ = {isa = PBXFileReference; fileEncoding = 4; lastKnownFileType = sourcecode.swift; path = MusicListVC.swift; sourceTree = "<group>"; };
/* End PBXFileReference section */

/* Begin PBXFrameworksBuildPhase section */
		212B82C31DF771BE002DD93F /* Frameworks */ = {
			isa = PBXFrameworksBuildPhase;
			buildActionMask = 2147483647;
			files = (
			);
			runOnlyForDeploymentPostprocessing = 0;
		};
/* End PBXFrameworksBuildPhase section */

/* Begin PBXGroup section */
		212B82BD1DF771BD002DD93F = {
			isa = PBXGroup;
			children = (
				212B82C81DF771BE002DD93F /* Segues */,
				212B82C71DF771BE002DD93F /* Products */,
			);
			sourceTree = "<group>";
		};
		212B82C71DF771BE002DD93F /* Products */ = {
			isa = PBXGroup;
			children = (
				212B82C61DF771BE002DD93F /* Segues.app */,
			);
			name = Products;
			sourceTree = "<group>";
		};
		212B82C81DF771BE002DD93F /* Segues */ = {
			isa = PBXGroup;
			children = (
				212B82C91DF771BE002DD93F /* AppDelegate.swift */,
				212B82CB1DF771BF002DD93F /* LoginVC.swift */,
				212B82CD1DF771BF002DD93F /* Main.storyboard */,
				212B82D01DF771BF002DD93F /* Assets.xcassets */,
				212B82D21DF771BF002DD93F /* LaunchScreen.storyboard */,
				212B82D51DF771BF002DD93F /* Info.plist */,
				212B82DB1DF77E6F002DD93F /* MusicListVC.swift */,
			);
			path = Segues;
			sourceTree = "<group>";
		};
/* End PBXGroup section */

/* Begin PBXNativeTarget section */
		212B82C51DF771BE002DD93F /* Segues */ = {
			isa = PBXNativeTarget;
			buildConfigurationList = 212B82D81DF771BF002DD93F /* Build configuration list for PBXNativeTarget "Segues" */;
			buildPhases = (
				212B82C21DF771BE002DD93F /* Sources */,
				212B82C31DF771BE002DD93F /* Frameworks */,
				212B82C41DF771BE002DD93F /* Resources */,
			);
			buildRules = (
			);
			dependencies = (
			);
			name = Segues;
			productName = Segues;
			productReference = 212B82C61DF771BE002DD93F /* Segues.app */;
			productType = "com.apple.product-type.application";
		};
/* End PBXNativeTarget section */

/* Begin PBXProject section */
		212B82BE1DF771BD002DD93F /* Project object */ = {
			isa = PBXProject;
			attributes = {
				LastSwiftUpdateCheck = 0810;
				LastUpgradeCheck = 0810;
				ORGANIZATIONNAME = "Joseph Leichter";
				TargetAttributes = {
					212B82C51DF771BE002DD93F = {
						CreatedOnToolsVersion = 8.1;
						ProvisioningStyle = Automatic;
					};
				};
			};
			buildConfigurationList = 212B82C11DF771BD002DD93F /* Build configuration list for PBXProject "Segues" */;
			compatibilityVersion = "Xcode 3.2";
			developmentRegion = English;
			hasScannedForEncodings = 0;
			knownRegions = (
				en,
				Base,
			);
			mainGroup = 212B82BD1DF771BD002DD93F;
			productRefGroup = 212B82C71DF771BE002DD93F /* Products */;
			projectDirPath = "";
			projectRoot = "";
			targets = (
				212B82C51DF771BE002DD93F /* Segues */,
			);
		};
/* End PBXProject section */

/* Begin PBXResourcesBuildPhase section */
		212B82C41DF771BE002DD93F /* Resources */ = {
			isa = PBXResourcesBuildPhase;
			buildActionMask = 2147483647;
			files = (
				212B82D41DF771BF002DD93F /* LaunchScreen.storyboard in Resources */,
				212B82D11DF771BF002DD93F /* Assets.xcassets in Resources */,
				212B82CF1DF771BF002DD93F /* Main.storyboard in Resources */,
			);
			runOnlyForDeploymentPostprocessing = 0;
		};
/* End PBXResourcesBuildPhase section */

/* Begin PBXSourcesBuildPhase section */
		212B82C21DF771BE002DD93F /* Sources */ = {
			isa = PBXSourcesBuildPhase;
			buildActionMask = 2147483647;
			files = (
				212B82DC1DF77E6F002DD93F /* MusicListVC.swift in Sources */,
				212B82CC1DF771BF002DD93F /* LoginVC.swift in Sources */,
				212B82CA1DF771BE002DD93F /* AppDelegate.swift in Sources */,
			);
			runOnlyForDeploymentPostprocessing = 0;
		};
/* End PBXSourcesBuildPhase section */

/* Begin PBXVariantGroup section */
		212B82CD1DF771BF002DD93F /* Main.storyboard */ = {
			isa = PBXVariantGroup;
			children = (
				212B82CE1DF771BF002DD93F /* Base */,
			);
			name = Main.storyboard;
			sourceTree = "<group>";
		};
		212B82D21DF771BF002DD93F /* LaunchScreen.storyboard */ = {
			isa = PBXVariantGroup;
			children = (
				212B82D31DF771BF002DD93F /* Base */,
			);
			name = LaunchScreen.storyboard;
			sourceTree = "<group>";
		};
/* End PBXVariantGroup section */

/* Begin XCBuildConfiguration section */
		212B82D61DF771BF002DD93F /* Debug */ = {
			isa = XCBuildConfiguration;
			buildSettings = {
				ALWAYS_SEARCH_USER_PATHS = NO;
				CLANG_ANALYZER_NONNULL = YES;
				CLANG_CXX_LANGUAGE_STANDARD = "gnu++0x";
				CLANG_CXX_LIBRARY = "libc++";
				CLANG_ENABLE_MODULES = YES;
				CLANG_ENABLE_OBJC_ARC = YES;
				CLANG_WARN_BOOL_CONVERSION = YES;
				CLANG_WARN_CONSTANT_CONVERSION = YES;
				CLANG_WARN_DIRECT_OBJC_ISA_USAGE = YES_ERROR;
				CLANG_WARN_DOCUMENTATION_COMMENTS = YES;
				CLANG_WARN_EMPTY_BODY = YES;
				CLANG_WARN_ENUM_CONVERSION = YES;
				CLANG_WARN_INFINITE_RECURSION = YES;
				CLANG_WARN_INT_CONVERSION = YES;
				CLANG_WARN_OBJC_ROOT_CLASS = YES_ERROR;
				CLANG_WARN_SUSPICIOUS_MOVES = YES;
				CLANG_WARN_UNREACHABLE_CODE = YES;
				CLANG_WARN__DUPLICATE_METHOD_MATCH = YES;
				"CODE_SIGN_IDENTITY[sdk=iphoneos*]" = "iPhone Developer";
				COPY_PHASE_STRIP = NO;
				DEBUG_INFORMATION_FORMAT = dwarf;
				ENABLE_STRICT_OBJC_MSGSEND = YES;
				ENABLE_TESTABILITY = YES;
				GCC_C_LANGUAGE_STANDARD = gnu99;
				GCC_DYNAMIC_NO_PIC = NO;
				GCC_NO_COMMON_BLOCKS = YES;
				GCC_OPTIMIZATION_LEVEL = 0;
				GCC_PREPROCESSOR_DEFINITIONS = (
					"DEBUG=1",
					"$(inherited)",
				);
				GCC_WARN_64_TO_32_BIT_CONVERSION = YES;
				GCC_WARN_ABOUT_RETURN_TYPE = YES_ERROR;
				GCC_WARN_UNDECLARED_SELECTOR = YES;
				GCC_WARN_UNINITIALIZED_AUTOS = YES_AGGRESSIVE;
				GCC_WARN_UNUSED_FUNCTION = YES;
				GCC_WARN_UNUSED_VARIABLE = YES;
				IPHONEOS_DEPLOYMENT_TARGET = 10.1;
				MTL_ENABLE_DEBUG_INFO = YES;
				ONLY_ACTIVE_ARCH = YES;
				SDKROOT = iphoneos;
				SWIFT_ACTIVE_COMPILATION_CONDITIONS = DEBUG;
				SWIFT_OPTIMIZATION_LEVEL = "-Onone";
			};
			name = Debug;
		};
		212B82D71DF771BF002DD93F /* Release */ = {
			isa = XCBuildConfiguration;
			buildSettings = {
				ALWAYS_SEARCH_USER_PATHS = NO;
				CLANG_ANALYZER_NONNULL = YES;
				CLANG_CXX_LANGUAGE_STANDARD = "gnu++0x";
				CLANG_CXX_LIBRARY = "libc++";
				CLANG_ENABLE_MODULES = YES;
				CLANG_ENABLE_OBJC_ARC = YES;
				CLANG_WARN_BOOL_CONVERSION = YES;
				CLANG_WARN_CONSTANT_CONVERSION = YES;
				CLANG_WARN_DIRECT_OBJC_ISA_USAGE = YES_ERROR;
				CLANG_WARN_DOCUMENTATION_COMMENTS = YES;
				CLANG_WARN_EMPTY_BODY = YES;
				CLANG_WARN_ENUM_CONVERSION = YES;
				CLANG_WARN_INFINITE_RECURSION = YES;
				CLANG_WARN_INT_CONVERSION = YES;
				CLANG_WARN_OBJC_ROOT_CLASS = YES_ERROR;
				CLANG_WARN_SUSPICIOUS_MOVES = YES;
				CLANG_WARN_UNREACHABLE_CODE = YES;
				CLANG_WARN__DUPLICATE_METHOD_MATCH = YES;
				"CODE_SIGN_IDENTITY[sdk=iphoneos*]" = "iPhone Developer";
				COPY_PHASE_STRIP = NO;
				DEBUG_INFORMATION_FORMAT = "dwarf-with-dsym";
				ENABLE_NS_ASSERTIONS = NO;
				ENABLE_STRICT_OBJC_MSGSEND = YES;
				GCC_C_LANGUAGE_STANDARD = gnu99;
				GCC_NO_COMMON_BLOCKS = YES;
				GCC_WARN_64_TO_32_BIT_CONVERSION = YES;
				GCC_WARN_ABOUT_RETURN_TYPE = YES_ERROR;
				GCC_WARN_UNDECLARED_SELECTOR = YES;
				GCC_WARN_UNINITIALIZED_AUTOS = YES_AGGRESSIVE;
				GCC_WARN_UNUSED_FUNCTION = YES;
				GCC_WARN_UNUSED_VARIABLE = YES;
				IPHONEOS_DEPLOYMENT_TARGET = 10.1;
				MTL_ENABLE_DEBUG_INFO = NO;
				SDKROOT = iphoneos;
				SWIFT_OPTIMIZATION_LEVEL = "-Owholemodule";
				VALIDATE_PRODUCT = YES;
			};
			name = Release;
		};
		212B82D91DF771BF002DD93F /* Debug */ = {
			isa = XCBuildConfiguration;
			buildSettings = {
				ASSETCATALOG_COMPILER_APPICON_NAME = AppIcon;
				INFOPLIST_FILE = Segues/Info.plist;
				LD_RUNPATH_SEARCH_PATHS = "$(inherited) @executable_path/Frameworks";
				PRODUCT_BUNDLE_IDENTIFIER = org.wilbourhall.Segues;
				PRODUCT_NAME = "$(TARGET_NAME)";
				SWIFT_VERSION = 3.0;
			};
			name = Debug;
		};
		212B82DA1DF771BF002DD93F /* Release */ = {
			isa = XCBuildConfiguration;
			buildSettings = {
				ASSETCATALOG_COMPILER_APPICON_NAME = AppIcon;
				INFOPLIST_FILE = Segues/Info.plist;
				LD_RUNPATH_SEARCH_PATHS = "$(inherited) @executable_path/Frameworks";
				PRODUCT_BUNDLE_IDENTIFIER = org.wilbourhall.Segues;
				PRODUCT_NAME = "$(TARGET_NAME)";
				SWIFT_VERSION = 3.0;
			};
			name = Release;
		};
/* End XCBuildConfiguration section */

/* Begin XCConfigurationList section */
		212B82C11DF771BD002DD93F /* Build configuration list for PBXProject "Segues" */ = {
			isa = XCConfigurationList;
			buildConfigurations = (
				212B82D61DF771BF002DD93F /* Debug */,
				212B82D71DF771BF002DD93F /* Release */,
			);
			defaultConfigurationIsVisible = 0;
			defaultConfigurationName = Release;
		};
		212B82D81DF771BF002DD93F /* Build configuration list for PBXNativeTarget "Segues" */ = {
			isa = XCConfigurationList;
			buildConfigurations = (
				212B82D91DF771BF002DD93F /* Debug */,
				212B82DA1DF771BF002DD93F /* Release */,
			);
			defaultConfigurationIsVisible = 0;
		};
/* End XCConfigurationList section */
	};
	rootObject = 212B82BE1DF771BD002DD93F /* Project object */;
}
